
Microsoft Visual Studio Solution File, Format Version 12.00
# Visual Studio 2012
Project("{FAE04EC0-301F-11D3-BF4B-00C04F79EFBC}") = "TeLLevo", "TeLLevo\TeLLevo.csproj", "{77B74D1D-CEA4-48FC-9E9C-F55617C36A8C}"
EndProject
Global
	GlobalSection(SolutionConfigurationPlatforms) = preSolution
		Debug|Any CPU = Debug|Any CPU
		Release|Any CPU = Release|Any CPU
	EndGlobalSection
	GlobalSection(ProjectConfigurationPlatforms) = postSolution
		{77B74D1D-CEA4-48FC-9E9C-F55617C36A8C}.Debug|Any CPU.ActiveCfg = Debug|Any CPU
		{77B74D1D-CEA4-48FC-9E9C-F55617C36A8C}.Debug|Any CPU.Build.0 = Debug|Any CPU
		{77B74D1D-CEA4-48FC-9E9C-F55617C36A8C}.Release|Any CPU.ActiveCfg = Release|Any CPU
		{77B74D1D-CEA4-48FC-9E9C-F55617C36A8C}.Release|Any CPU.Build.0 = Release|Any CPU
	EndGlobalSection
EndGlobal
